
Microsoft Visual Studio Solution File, Format Version 12.00
# Visual Studio Version 17
VisualStudioVersion = 17.0.32014.148
MinimumVisualStudioVersion = 10.0.40219.1
Project("{8BC9CEB8-8B4A-11D0-8D11-00A0C91BC942}") = "GreedyAlgo", "GreedyAlgo.vcxproj", "{384A8CAC-10DF-48B1-9861-3F9CEE7A2D63}"
EndProject
Global
	GlobalSection(SolutionConfigurationPlatforms) = preSolution
		Debug|x64 = Debug|x64
		Debug|x86 = Debug|x86
		Release|x64 = Release|x64
		Release|x86 = Release|x86
	EndGlobalSection
	GlobalSection(ProjectConfigurationPlatforms) = postSolution
		{384A8CAC-10DF-48B1-9861-3F9CEE7A2D63}.Debug|x64.ActiveCfg = Debug|x64
		{384A8CAC-10DF-48B1-9861-3F9CEE7A2D63}.Debug|x64.Build.0 = Debug|x64
		{384A8CAC-10DF-48B1-9861-3F9CEE7A2D63}.Debug|x86.ActiveCfg = Debug|Win32
		{384A8CAC-10DF-48B1-9861-3F9CEE7A2D63}.Debug|x86.Build.0 = Debug|Win32
		{384A8CAC-10DF-48B1-9861-3F9CEE7A2D63}.Release|x64.ActiveCfg = Release|x64
		{384A8CAC-10DF-48B1-9861-3F9CEE7A2D63}.Release|x64.Build.0 = Release|x64
		{384A8CAC-10DF-48B1-9861-3F9CEE7A2D63}.Release|x86.ActiveCfg = Release|Win32
		{384A8CAC-10DF-48B1-9861-3F9CEE7A2D63}.Release|x86.Build.0 = Release|Win32
	EndGlobalSection
	GlobalSection(SolutionProperties) = preSolution
		HideSolutionNode = FALSE
	EndGlobalSection
	GlobalSection(ExtensibilityGlobals) = postSolution
		SolutionGuid = {6A52A187-6BC9-4685-8C18-652F59703247}
	EndGlobalSection
EndGlobal
